
Microsoft Visual Studio Solution File, Format Version 12.00
# Visual Studio 15
VisualStudioVersion = 15.0.27428.2002
MinimumVisualStudioVersion = 10.0.40219.1
Project("{8BC9CEB8-8B4A-11D0-8D11-00A0C91BC942}") = "Power of a Jedi", "Power of a Jedi\Power of a Jedi.vcxproj", "{086CCA6D-A65D-468A-81CB-004A4E562020}"
EndProject
Global
	GlobalSection(SolutionConfigurationPlatforms) = preSolution
		Debug|x64 = Debug|x64
		Debug|x86 = Debug|x86
		Release|x64 = Release|x64
		Release|x86 = Release|x86
	EndGlobalSection
	GlobalSection(ProjectConfigurationPlatforms) = postSolution
		{086CCA6D-A65D-468A-81CB-004A4E562020}.Debug|x64.ActiveCfg = Debug|x64
		{086CCA6D-A65D-468A-81CB-004A4E562020}.Debug|x64.Build.0 = Debug|x64
		{086CCA6D-A65D-468A-81CB-004A4E562020}.Debug|x86.ActiveCfg = Debug|Win32
		{086CCA6D-A65D-468A-81CB-004A4E562020}.Debug|x86.Build.0 = Debug|Win32
		{086CCA6D-A65D-468A-81CB-004A4E562020}.Release|x64.ActiveCfg = Release|x64
		{086CCA6D-A65D-468A-81CB-004A4E562020}.Release|x64.Build.0 = Release|x64
		{086CCA6D-A65D-468A-81CB-004A4E562020}.Release|x86.ActiveCfg = Release|Win32
		{086CCA6D-A65D-468A-81CB-004A4E562020}.Release|x86.Build.0 = Release|Win32
	EndGlobalSection
	GlobalSection(SolutionProperties) = preSolution
		HideSolutionNode = FALSE
	EndGlobalSection
	GlobalSection(ExtensibilityGlobals) = postSolution
		SolutionGuid = {E31A9178-B191-4BC4-9A81-900CF519BACC}
	EndGlobalSection
EndGlobal
